
Microsoft Visual Studio Solution File, Format Version 12.00
# Visual Studio Version 17
VisualStudioVersion = 17.7.34031.279
MinimumVisualStudioVersion = 10.0.40219.1
Project("{FAE04EC0-301F-11D3-BF4B-00C04F79EFBC}") = "S35_TranThuHien_QLCT", "S35_TranThuHien_QLCT\S35_TranThuHien_QLCT.csproj", "{CEBFBF6C-FD23-46D2-AC25-33A8B7E6CD2A}"
EndProject
Global
	GlobalSection(SolutionConfigurationPlatforms) = preSolution
		Debug|Any CPU = Debug|Any CPU
		Release|Any CPU = Release|Any CPU
	EndGlobalSection
	GlobalSection(ProjectConfigurationPlatforms) = postSolution
		{CEBFBF6C-FD23-46D2-AC25-33A8B7E6CD2A}.Debug|Any CPU.ActiveCfg = Debug|Any CPU
		{CEBFBF6C-FD23-46D2-AC25-33A8B7E6CD2A}.Debug|Any CPU.Build.0 = Debug|Any CPU
		{CEBFBF6C-FD23-46D2-AC25-33A8B7E6CD2A}.Release|Any CPU.ActiveCfg = Release|Any CPU
		{CEBFBF6C-FD23-46D2-AC25-33A8B7E6CD2A}.Release|Any CPU.Build.0 = Release|Any CPU
	EndGlobalSection
	GlobalSection(SolutionProperties) = preSolution
		HideSolutionNode = FALSE
	EndGlobalSection
	GlobalSection(ExtensibilityGlobals) = postSolution
		SolutionGuid = {C231FD8E-FD64-4D8B-B622-DD55594D6F9D}
	EndGlobalSection
EndGlobal
